// !$*UTF8*$!
{
	archiveVersion = 1;
	classes = {
	};
	objectVersion = 50;
	objects = {

/* Begin PBXBuildFile section */
		609D6D30C24A84C95062C75F /* Pods_HealthCareViewer.framework in Frameworks */ = {isa = PBXBuildFile; fileRef = 68CB187E91F2E86C3F59C942 /* Pods_HealthCareViewer.framework */; };
		E4FC1FBE218FE7080091094E /* AppDelegate.swift in Sources */ = {isa = PBXBuildFile; fileRef = E4FC1FBD218FE7080091094E /* AppDelegate.swift */; };
		E4FC1FC5218FE70A0091094E /* Assets.xcassets in Resources */ = {isa = PBXBuildFile; fileRef = E4FC1FC4218FE70A0091094E /* Assets.xcassets */; };
		E4FC1FC8218FE70A0091094E /* LaunchScreen.storyboard in Resources */ = {isa = PBXBuildFile; fileRef = E4FC1FC6218FE70A0091094E /* LaunchScreen.storyboard */; };
		E4FC1FD4218FE9CF0091094E /* SignInViewController.swift in Sources */ = {isa = PBXBuildFile; fileRef = E4FC1FD3218FE9CF0091094E /* SignInViewController.swift */; };
		E4FC1FD6218FE9EA0091094E /* SignInView.swift in Sources */ = {isa = PBXBuildFile; fileRef = E4FC1FD5218FE9EA0091094E /* SignInView.swift */; };
		E4FC1FD8218FE9FA0091094E /* SignInModel.swift in Sources */ = {isa = PBXBuildFile; fileRef = E4FC1FD7218FE9FA0091094E /* SignInModel.swift */; };
/* End PBXBuildFile section */

/* Begin PBXFileReference section */
		094D65BEE34EC25D5E229512 /* Pods-HealthCareViewer.debug.xcconfig */ = {isa = PBXFileReference; includeInIndex = 1; lastKnownFileType = text.xcconfig; name = "Pods-HealthCareViewer.debug.xcconfig"; path = "Pods/Target Support Files/Pods-HealthCareViewer/Pods-HealthCareViewer.debug.xcconfig"; sourceTree = "<group>"; };
		19530DD4055A7F174CDD358E /* Pods-HealthCareViewer.release.xcconfig */ = {isa = PBXFileReference; includeInIndex = 1; lastKnownFileType = text.xcconfig; name = "Pods-HealthCareViewer.release.xcconfig"; path = "Pods/Target Support Files/Pods-HealthCareViewer/Pods-HealthCareViewer.release.xcconfig"; sourceTree = "<group>"; };
		68CB187E91F2E86C3F59C942 /* Pods_HealthCareViewer.framework */ = {isa = PBXFileReference; explicitFileType = wrapper.framework; includeInIndex = 0; path = Pods_HealthCareViewer.framework; sourceTree = BUILT_PRODUCTS_DIR; };
		E4FC1FBA218FE7080091094E /* HealthCareViewer.app */ = {isa = PBXFileReference; explicitFileType = wrapper.application; includeInIndex = 0; path = HealthCareViewer.app; sourceTree = BUILT_PRODUCTS_DIR; };
		E4FC1FBD218FE7080091094E /* AppDelegate.swift */ = {isa = PBXFileReference; lastKnownFileType = sourcecode.swift; path = AppDelegate.swift; sourceTree = "<group>"; };
		E4FC1FC4218FE70A0091094E /* Assets.xcassets */ = {isa = PBXFileReference; lastKnownFileType = folder.assetcatalog; path = Assets.xcassets; sourceTree = "<group>"; };
		E4FC1FC7218FE70A0091094E /* Base */ = {isa = PBXFileReference; lastKnownFileType = file.storyboard; name = Base; path = Base.lproj/LaunchScreen.storyboard; sourceTree = "<group>"; };
		E4FC1FC9218FE70A0091094E /* Info.plist */ = {isa = PBXFileReference; lastKnownFileType = text.plist.xml; path = Info.plist; sourceTree = "<group>"; };
		E4FC1FD3218FE9CF0091094E /* SignInViewController.swift */ = {isa = PBXFileReference; lastKnownFileType = sourcecode.swift; path = SignInViewController.swift; sourceTree = "<group>"; };
		E4FC1FD5218FE9EA0091094E /* SignInView.swift */ = {isa = PBXFileReference; lastKnownFileType = sourcecode.swift; path = SignInView.swift; sourceTree = "<group>"; };
		E4FC1FD7218FE9FA0091094E /* SignInModel.swift */ = {isa = PBXFileReference; lastKnownFileType = sourcecode.swift; path = SignInModel.swift; sourceTree = "<group>"; };
/* End PBXFileReference section */

/* Begin PBXFrameworksBuildPhase section */
		E4FC1FB7218FE7080091094E /* Frameworks */ = {
			isa = PBXFrameworksBuildPhase;
			buildActionMask = 2147483647;
			files = (
				609D6D30C24A84C95062C75F /* Pods_HealthCareViewer.framework in Frameworks */,
			);
			runOnlyForDeploymentPostprocessing = 0;
		};
/* End PBXFrameworksBuildPhase section */

/* Begin PBXGroup section */
		09CA8E2971C5DBE9011E720D /* Frameworks */ = {
			isa = PBXGroup;
			children = (
				68CB187E91F2E86C3F59C942 /* Pods_HealthCareViewer.framework */,
			);
			name = Frameworks;
			sourceTree = "<group>";
		};
		14438732C65CB62021909DC4 /* Pods */ = {
			isa = PBXGroup;
			children = (
				094D65BEE34EC25D5E229512 /* Pods-HealthCareViewer.debug.xcconfig */,
				19530DD4055A7F174CDD358E /* Pods-HealthCareViewer.release.xcconfig */,
			);
			name = Pods;
			sourceTree = "<group>";
		};
		E4FC1FB1218FE7080091094E = {
			isa = PBXGroup;
			children = (
				E4FC1FBC218FE7080091094E /* HealthCareViewer */,
				E4FC1FBB218FE7080091094E /* Products */,
				14438732C65CB62021909DC4 /* Pods */,
				09CA8E2971C5DBE9011E720D /* Frameworks */,
			);
			sourceTree = "<group>";
		};
		E4FC1FBB218FE7080091094E /* Products */ = {
			isa = PBXGroup;
			children = (
				E4FC1FBA218FE7080091094E /* HealthCareViewer.app */,
			);
			name = Products;
			sourceTree = "<group>";
		};
		E4FC1FBC218FE7080091094E /* HealthCareViewer */ = {
			isa = PBXGroup;
			children = (
				E4FC1FCF218FE92F0091094E /* Supports */,
				E4FC1FD9218FEABC0091094E /* Modules */,
			);
			path = HealthCareViewer;
			sourceTree = "<group>";
		};
		E4FC1FCF218FE92F0091094E /* Supports */ = {
			isa = PBXGroup;
			children = (
				E4FC1FBD218FE7080091094E /* AppDelegate.swift */,
				E4FC1FC4218FE70A0091094E /* Assets.xcassets */,
				E4FC1FC6218FE70A0091094E /* LaunchScreen.storyboard */,
				E4FC1FC9218FE70A0091094E /* Info.plist */,
			);
			path = Supports;
			sourceTree = "<group>";
		};
		E4FC1FD9218FEABC0091094E /* Modules */ = {
			isa = PBXGroup;
			children = (
				E4FC1FDA218FEAC80091094E /* SignIn */,
			);
			path = Modules;
			sourceTree = "<group>";
		};
		E4FC1FDA218FEAC80091094E /* SignIn */ = {
			isa = PBXGroup;
			children = (
				E4FC1FDD218FEADE0091094E /* Controller */,
				E4FC1FDC218FEAD90091094E /* View */,
				E4FC1FDB218FEAD20091094E /* Model */,
			);
			path = SignIn;
			sourceTree = "<group>";
		};
		E4FC1FDB218FEAD20091094E /* Model */ = {
			isa = PBXGroup;
			children = (
				E4FC1FD7218FE9FA0091094E /* SignInModel.swift */,
			);
			path = Model;
			sourceTree = "<group>";
		};
		E4FC1FDC218FEAD90091094E /* View */ = {
			isa = PBXGroup;
			children = (
				E4FC1FD5218FE9EA0091094E /* SignInView.swift */,
			);
			path = View;
			sourceTree = "<group>";
		};
		E4FC1FDD218FEADE0091094E /* Controller */ = {
			isa = PBXGroup;
			children = (
				E4FC1FD3218FE9CF0091094E /* SignInViewController.swift */,
			);
			path = Controller;
			sourceTree = "<group>";
		};
/* End PBXGroup section */

/* Begin PBXNativeTarget section */
		E4FC1FB9218FE7080091094E /* HealthCareViewer */ = {
			isa = PBXNativeTarget;
			buildConfigurationList = E4FC1FCC218FE70A0091094E /* Build configuration list for PBXNativeTarget "HealthCareViewer" */;
			buildPhases = (
				F30ACFD6D57D48B6954352BB /* [CP] Check Pods Manifest.lock */,
				E4FC1FB6218FE7080091094E /* Sources */,
				E4FC1FB7218FE7080091094E /* Frameworks */,
				E4FC1FB8218FE7080091094E /* Resources */,
				FFAFFBD3E2C83916EFBE0CA5 /* [CP] Embed Pods Frameworks */,
			);
			buildRules = (
			);
			dependencies = (
			);
			name = HealthCareViewer;
			productName = HealthCareViewer;
			productReference = E4FC1FBA218FE7080091094E /* HealthCareViewer.app */;
			productType = "com.apple.product-type.application";
		};
/* End PBXNativeTarget section */

/* Begin PBXProject section */
		E4FC1FB2218FE7080091094E /* Project object */ = {
			isa = PBXProject;
			attributes = {
				LastSwiftUpdateCheck = 1000;
				LastUpgradeCheck = 1000;
				ORGANIZATIONNAME = "Le Hong Van";
				TargetAttributes = {
					E4FC1FB9218FE7080091094E = {
						CreatedOnToolsVersion = 10.0;
					};
				};
			};
			buildConfigurationList = E4FC1FB5218FE7080091094E /* Build configuration list for PBXProject "HealthCareViewer" */;
			compatibilityVersion = "Xcode 9.3";
			developmentRegion = en;
			hasScannedForEncodings = 0;
			knownRegions = (
				en,
				Base,
			);
			mainGroup = E4FC1FB1218FE7080091094E;
			productRefGroup = E4FC1FBB218FE7080091094E /* Products */;
			projectDirPath = "";
			projectRoot = "";
			targets = (
				E4FC1FB9218FE7080091094E /* HealthCareViewer */,
			);
		};
/* End PBXProject section */

/* Begin PBXResourcesBuildPhase section */
		E4FC1FB8218FE7080091094E /* Resources */ = {
			isa = PBXResourcesBuildPhase;
			buildActionMask = 2147483647;
			files = (
				E4FC1FC8218FE70A0091094E /* LaunchScreen.storyboard in Resources */,
				E4FC1FC5218FE70A0091094E /* Assets.xcassets in Resources */,
			);
			runOnlyForDeploymentPostprocessing = 0;
		};
/* End PBXResourcesBuildPhase section */

/* Begin PBXShellScriptBuildPhase section */
		F30ACFD6D57D48B6954352BB /* [CP] Check Pods Manifest.lock */ = {
			isa = PBXShellScriptBuildPhase;
			buildActionMask = 2147483647;
			files = (
			);
			inputFileListPaths = (
			);
			inputPaths = (
				"${PODS_PODFILE_DIR_PATH}/Podfile.lock",
				"${PODS_ROOT}/Manifest.lock",
			);
			name = "[CP] Check Pods Manifest.lock";
			outputFileListPaths = (
			);
			outputPaths = (
				"$(DERIVED_FILE_DIR)/Pods-HealthCareViewer-checkManifestLockResult.txt",
			);
			runOnlyForDeploymentPostprocessing = 0;
			shellPath = /bin/sh;
			shellScript = "diff \"${PODS_PODFILE_DIR_PATH}/Podfile.lock\" \"${PODS_ROOT}/Manifest.lock\" > /dev/null\nif [ $? != 0 ] ; then\n    # print error to STDERR\n    echo \"error: The sandbox is not in sync with the Podfile.lock. Run 'pod install' or update your CocoaPods installation.\" >&2\n    exit 1\nfi\n# This output is used by Xcode 'outputs' to avoid re-running this script phase.\necho \"SUCCESS\" > \"${SCRIPT_OUTPUT_FILE_0}\"\n";
			showEnvVarsInLog = 0;
		};
		FFAFFBD3E2C83916EFBE0CA5 /* [CP] Embed Pods Frameworks */ = {
			isa = PBXShellScriptBuildPhase;
			buildActionMask = 2147483647;
			files = (
			);
			inputFileListPaths = (
			);
			inputPaths = (
				"${SRCROOT}/Pods/Target Support Files/Pods-HealthCareViewer/Pods-HealthCareViewer-frameworks.sh",
				"${BUILT_PRODUCTS_DIR}/IQKeyboardManager/IQKeyboardManager.framework",
				"${BUILT_PRODUCTS_DIR}/SnapKit/SnapKit.framework",
			);
			name = "[CP] Embed Pods Frameworks";
			outputFileListPaths = (
			);
			outputPaths = (
				"${TARGET_BUILD_DIR}/${FRAMEWORKS_FOLDER_PATH}/IQKeyboardManager.framework",
				"${TARGET_BUILD_DIR}/${FRAMEWORKS_FOLDER_PATH}/SnapKit.framework",
			);
			runOnlyForDeploymentPostprocessing = 0;
			shellPath = /bin/sh;
			shellScript = "\"${SRCROOT}/Pods/Target Support Files/Pods-HealthCareViewer/Pods-HealthCareViewer-frameworks.sh\"\n";
			showEnvVarsInLog = 0;
		};
/* End PBXShellScriptBuildPhase section */

/* Begin PBXSourcesBuildPhase section */
		E4FC1FB6218FE7080091094E /* Sources */ = {
			isa = PBXSourcesBuildPhase;
			buildActionMask = 2147483647;
			files = (
				E4FC1FD6218FE9EA0091094E /* SignInView.swift in Sources */,
				E4FC1FD8218FE9FA0091094E /* SignInModel.swift in Sources */,
				E4FC1FD4218FE9CF0091094E /* SignInViewController.swift in Sources */,
				E4FC1FBE218FE7080091094E /* AppDelegate.swift in Sources */,
			);
			runOnlyForDeploymentPostprocessing = 0;
		};
/* End PBXSourcesBuildPhase section */

/* Begin PBXVariantGroup section */
		E4FC1FC6218FE70A0091094E /* LaunchScreen.storyboard */ = {
			isa = PBXVariantGroup;
			children = (
				E4FC1FC7218FE70A0091094E /* Base */,
			);
			name = LaunchScreen.storyboard;
			sourceTree = "<group>";
		};
/* End PBXVariantGroup section */

/* Begin XCBuildConfiguration section */
		E4FC1FCA218FE70A0091094E /* Debug */ = {
			isa = XCBuildConfiguration;
			buildSettings = {
				ALWAYS_SEARCH_USER_PATHS = NO;
				CLANG_ANALYZER_NONNULL = YES;
				CLANG_ANALYZER_NUMBER_OBJECT_CONVERSION = YES_AGGRESSIVE;
				CLANG_CXX_LANGUAGE_STANDARD = "gnu++14";
				CLANG_CXX_LIBRARY = "libc++";
				CLANG_ENABLE_MODULES = YES;
				CLANG_ENABLE_OBJC_ARC = YES;
				CLANG_ENABLE_OBJC_WEAK = YES;
				CLANG_WARN_BLOCK_CAPTURE_AUTORELEASING = YES;
				CLANG_WARN_BOOL_CONVERSION = YES;
				CLANG_WARN_COMMA = YES;
				CLANG_WARN_CONSTANT_CONVERSION = YES;
				CLANG_WARN_DEPRECATED_OBJC_IMPLEMENTATIONS = YES;
				CLANG_WARN_DIRECT_OBJC_ISA_USAGE = YES_ERROR;
				CLANG_WARN_DOCUMENTATION_COMMENTS = YES;
				CLANG_WARN_EMPTY_BODY = YES;
				CLANG_WARN_ENUM_CONVERSION = YES;
				CLANG_WARN_INFINITE_RECURSION = YES;
				CLANG_WARN_INT_CONVERSION = YES;
				CLANG_WARN_NON_LITERAL_NULL_CONVERSION = YES;
				CLANG_WARN_OBJC_IMPLICIT_RETAIN_SELF = YES;
				CLANG_WARN_OBJC_LITERAL_CONVERSION = YES;
				CLANG_WARN_OBJC_ROOT_CLASS = YES_ERROR;
				CLANG_WARN_RANGE_LOOP_ANALYSIS = YES;
				CLANG_WARN_STRICT_PROTOTYPES = YES;
				CLANG_WARN_SUSPICIOUS_MOVE = YES;
				CLANG_WARN_UNGUARDED_AVAILABILITY = YES_AGGRESSIVE;
				CLANG_WARN_UNREACHABLE_CODE = YES;
				CLANG_WARN__DUPLICATE_METHOD_MATCH = YES;
				CODE_SIGN_IDENTITY = "iPhone Developer";
				COPY_PHASE_STRIP = NO;
				DEBUG_INFORMATION_FORMAT = dwarf;
				ENABLE_STRICT_OBJC_MSGSEND = YES;
				ENABLE_TESTABILITY = YES;
				GCC_C_LANGUAGE_STANDARD = gnu11;
				GCC_DYNAMIC_NO_PIC = NO;
				GCC_NO_COMMON_BLOCKS = YES;
				GCC_OPTIMIZATION_LEVEL = 0;
				GCC_PREPROCESSOR_DEFINITIONS = (
					"DEBUG=1",
					"$(inherited)",
				);
				GCC_WARN_64_TO_32_BIT_CONVERSION = YES;
				GCC_WARN_ABOUT_RETURN_TYPE = YES_ERROR;
				GCC_WARN_UNDECLARED_SELECTOR = YES;
				GCC_WARN_UNINITIALIZED_AUTOS = YES_AGGRESSIVE;
				GCC_WARN_UNUSED_FUNCTION = YES;
				GCC_WARN_UNUSED_VARIABLE = YES;
				IPHONEOS_DEPLOYMENT_TARGET = 12.0;
				MTL_ENABLE_DEBUG_INFO = INCLUDE_SOURCE;
				MTL_FAST_MATH = YES;
				ONLY_ACTIVE_ARCH = YES;
				SDKROOT = iphoneos;
				SWIFT_ACTIVE_COMPILATION_CONDITIONS = DEBUG;
				SWIFT_OPTIMIZATION_LEVEL = "-Onone";
			};
			name = Debug;
		};
		E4FC1FCB218FE70A0091094E /* Release */ = {
			isa = XCBuildConfiguration;
			buildSettings = {
				ALWAYS_SEARCH_USER_PATHS = NO;
				CLANG_ANALYZER_NONNULL = YES;
				CLANG_ANALYZER_NUMBER_OBJECT_CONVERSION = YES_AGGRESSIVE;
				CLANG_CXX_LANGUAGE_STANDARD = "gnu++14";
				CLANG_CXX_LIBRARY = "libc++";
				CLANG_ENABLE_MODULES = YES;
				CLANG_ENABLE_OBJC_ARC = YES;
				CLANG_ENABLE_OBJC_WEAK = YES;
				CLANG_WARN_BLOCK_CAPTURE_AUTORELEASING = YES;
				CLANG_WARN_BOOL_CONVERSION = YES;
				CLANG_WARN_COMMA = YES;
				CLANG_WARN_CONSTANT_CONVERSION = YES;
				CLANG_WARN_DEPRECATED_OBJC_IMPLEMENTATIONS = YES;
				CLANG_WARN_DIRECT_OBJC_ISA_USAGE = YES_ERROR;
				CLANG_WARN_DOCUMENTATION_COMMENTS = YES;
				CLANG_WARN_EMPTY_BODY = YES;
				CLANG_WARN_ENUM_CONVERSION = YES;
				CLANG_WARN_INFINITE_RECURSION = YES;
				CLANG_WARN_INT_CONVERSION = YES;
				CLANG_WARN_NON_LITERAL_NULL_CONVERSION = YES;
				CLANG_WARN_OBJC_IMPLICIT_RETAIN_SELF = YES;
				CLANG_WARN_OBJC_LITERAL_CONVERSION = YES;
				CLANG_WARN_OBJC_ROOT_CLASS = YES_ERROR;
				CLANG_WARN_RANGE_LOOP_ANALYSIS = YES;
				CLANG_WARN_STRICT_PROTOTYPES = YES;
				CLANG_WARN_SUSPICIOUS_MOVE = YES;
				CLANG_WARN_UNGUARDED_AVAILABILITY = YES_AGGRESSIVE;
				CLANG_WARN_UNREACHABLE_CODE = YES;
				CLANG_WARN__DUPLICATE_METHOD_MATCH = YES;
				CODE_SIGN_IDENTITY = "iPhone Developer";
				COPY_PHASE_STRIP = NO;
				DEBUG_INFORMATION_FORMAT = "dwarf-with-dsym";
				ENABLE_NS_ASSERTIONS = NO;
				ENABLE_STRICT_OBJC_MSGSEND = YES;
				GCC_C_LANGUAGE_STANDARD = gnu11;
				GCC_NO_COMMON_BLOCKS = YES;
				GCC_WARN_64_TO_32_BIT_CONVERSION = YES;
				GCC_WARN_ABOUT_RETURN_TYPE = YES_ERROR;
				GCC_WARN_UNDECLARED_SELECTOR = YES;
				GCC_WARN_UNINITIALIZED_AUTOS = YES_AGGRESSIVE;
				GCC_WARN_UNUSED_FUNCTION = YES;
				GCC_WARN_UNUSED_VARIABLE = YES;
				IPHONEOS_DEPLOYMENT_TARGET = 12.0;
				MTL_ENABLE_DEBUG_INFO = NO;
				MTL_FAST_MATH = YES;
				SDKROOT = iphoneos;
				SWIFT_COMPILATION_MODE = wholemodule;
				SWIFT_OPTIMIZATION_LEVEL = "-O";
				VALIDATE_PRODUCT = YES;
			};
			name = Release;
		};
		E4FC1FCD218FE70A0091094E /* Debug */ = {
			isa = XCBuildConfiguration;
			baseConfigurationReference = 094D65BEE34EC25D5E229512 /* Pods-HealthCareViewer.debug.xcconfig */;
			buildSettings = {
				ASSETCATALOG_COMPILER_APPICON_NAME = AppIcon;
				CODE_SIGN_STYLE = Automatic;
				INFOPLIST_FILE = "$(SRCROOT)/HealthCareViewer/Supports/Info.plist";
				LD_RUNPATH_SEARCH_PATHS = (
					"$(inherited)",
					"@executable_path/Frameworks",
				);
				PRODUCT_BUNDLE_IDENTIFIER = com.lhvan89.HealthCareViewer;
				PRODUCT_NAME = "$(TARGET_NAME)";
				SWIFT_VERSION = 4.2;
				TARGETED_DEVICE_FAMILY = "1,2";
			};
			name = Debug;
		};
		E4FC1FCE218FE70A0091094E /* Release */ = {
			isa = XCBuildConfiguration;
			baseConfigurationReference = 19530DD4055A7F174CDD358E /* Pods-HealthCareViewer.release.xcconfig */;
			buildSettings = {
				ASSETCATALOG_COMPILER_APPICON_NAME = AppIcon;
				CODE_SIGN_STYLE = Automatic;
				INFOPLIST_FILE = "$(SRCROOT)/HealthCareViewer/Supports/Info.plist";
				LD_RUNPATH_SEARCH_PATHS = (
					"$(inherited)",
					"@executable_path/Frameworks",
				);
				PRODUCT_BUNDLE_IDENTIFIER = com.lhvan89.HealthCareViewer;
				PRODUCT_NAME = "$(TARGET_NAME)";
				SWIFT_VERSION = 4.2;
				TARGETED_DEVICE_FAMILY = "1,2";
			};
			name = Release;
		};
/* End XCBuildConfiguration section */

/* Begin XCConfigurationList section */
		E4FC1FB5218FE7080091094E /* Build configuration list for PBXProject "HealthCareViewer" */ = {
			isa = XCConfigurationList;
			buildConfigurations = (
				E4FC1FCA218FE70A0091094E /* Debug */,
				E4FC1FCB218FE70A0091094E /* Release */,
			);
			defaultConfigurationIsVisible = 0;
			defaultConfigurationName = Release;
		};
		E4FC1FCC218FE70A0091094E /* Build configuration list for PBXNativeTarget "HealthCareViewer" */ = {
			isa = XCConfigurationList;
			buildConfigurations = (
				E4FC1FCD218FE70A0091094E /* Debug */,
				E4FC1FCE218FE70A0091094E /* Release */,
			);
			defaultConfigurationIsVisible = 0;
			defaultConfigurationName = Release;
		};
/* End XCConfigurationList section */
	};
	rootObject = E4FC1FB2218FE7080091094E /* Project object */;
}
